
Microsoft Visual Studio Solution File, Format Version 12.00
# Visual Studio Version 16
VisualStudioVersion = 16.0.29324.140
MinimumVisualStudioVersion = 10.0.40219.1
Project("{8BC9CEB8-8B4A-11D0-8D11-00A0C91BC942}") = "OpenGLCourseApp", "OpenGLCourseApp\OpenGLCourseApp.vcxproj", "{18B7DBBF-5B1C-4D60-9081-2F8556447BA2}"
EndProject
Global
	GlobalSection(SolutionConfigurationPlatforms) = preSolution
		Debug|x64 = Debug|x64
		Debug|x86 = Debug|x86
		Release|x64 = Release|x64
		Release|x86 = Release|x86
	EndGlobalSection
	GlobalSection(ProjectConfigurationPlatforms) = postSolution
		{18B7DBBF-5B1C-4D60-9081-2F8556447BA2}.Debug|x64.ActiveCfg = Debug|x64
		{18B7DBBF-5B1C-4D60-9081-2F8556447BA2}.Debug|x64.Build.0 = Debug|x64
		{18B7DBBF-5B1C-4D60-9081-2F8556447BA2}.Debug|x86.ActiveCfg = Debug|Win32
		{18B7DBBF-5B1C-4D60-9081-2F8556447BA2}.Debug|x86.Build.0 = Debug|Win32
		{18B7DBBF-5B1C-4D60-9081-2F8556447BA2}.Release|x64.ActiveCfg = Release|x64
		{18B7DBBF-5B1C-4D60-9081-2F8556447BA2}.Release|x64.Build.0 = Release|x64
		{18B7DBBF-5B1C-4D60-9081-2F8556447BA2}.Release|x86.ActiveCfg = Release|Win32
		{18B7DBBF-5B1C-4D60-9081-2F8556447BA2}.Release|x86.Build.0 = Release|Win32
	EndGlobalSection
	GlobalSection(SolutionProperties) = preSolution
		HideSolutionNode = FALSE
	EndGlobalSection
	GlobalSection(ExtensibilityGlobals) = postSolution
		SolutionGuid = {EED84049-9CA5-4F38-88A7-32DA00A6CC08}
	EndGlobalSection
EndGlobal
